
Microsoft Visual Studio Solution File, Format Version 12.00
# Visual Studio Version 17
VisualStudioVersion = 17.9.34728.123
MinimumVisualStudioVersion = 10.0.40219.1
Project("{9A19103F-16F7-4668-BE54-9A1E7A4F7556}") = "DrewBrasher.OrchardCore.CmsWeb", "DrewBrasher.OrchardCore.CmsWeb\DrewBrasher.OrchardCore.CmsWeb.csproj", "{318859BE-EDF2-4581-AC82-974AD7712BFF}"
EndProject
Project("{9A19103F-16F7-4668-BE54-9A1E7A4F7556}") = "DrewBrasher.OrchardCore.ContentWarning", "DrewBrasher.OrchardCore.ContentWarning\DrewBrasher.OrchardCore.ContentWarning.csproj", "{2E350578-95C3-4F08-83E7-B4F1A6BB38FD}"
EndProject
Project("{2150E333-8FDC-42A3-9474-1A3956D46DE8}") = "Solution Items", "Solution Items", "{F36739D5-6E04-433E-A491-62DB570937AE}"
	ProjectSection(SolutionItems) = preProject
		README.md = README.md
	EndProjectSection
EndProject
Project("{FAE04EC0-301F-11D3-BF4B-00C04F79EFBC}") = "DrewBrasher.OrchardCore.ExternalData", "DrewBrasher.OrchardCore.ExternalData\DrewBrasher.OrchardCore.ExternalData.csproj", "{C6B20EA4-C083-47CE-B6F9-1B8C3D931B93}"
EndProject
Project("{FAE04EC0-301F-11D3-BF4B-00C04F79EFBC}") = "DrewBrasher.OrchardCore.Blazor", "DrewBrasher.OrchardCore.Blazor\DrewBrasher.OrchardCore.Blazor.csproj", "{AE39741E-A29F-4FC1-A493-98302BBD5B3E}"
EndProject
Project("{2150E333-8FDC-42A3-9474-1A3956D46DE8}") = "Demo", "Demo", "{E5D95A21-02AF-4083-BD0A-3F44620B296E}"
EndProject
Project("{FAE04EC0-301F-11D3-BF4B-00C04F79EFBC}") = "OCRazorModuleDemo", "Demo\OCRazorModuleDemo\OCRazorModuleDemo.csproj", "{5564DD64-61FD-40FF-A080-BFCB3CF90E88}"
EndProject
Project("{FAE04EC0-301F-11D3-BF4B-00C04F79EFBC}") = "RazorDemo", "Demo\RazorDemo\RazorDemo.csproj", "{10C2FFD1-0E95-46B5-A075-951DB329149D}"
EndProject
Global
	GlobalSection(SolutionConfigurationPlatforms) = preSolution
		Debug|Any CPU = Debug|Any CPU
		Release|Any CPU = Release|Any CPU
	EndGlobalSection
	GlobalSection(ProjectConfigurationPlatforms) = postSolution
		{318859BE-EDF2-4581-AC82-974AD7712BFF}.Debug|Any CPU.ActiveCfg = Debug|Any CPU
		{318859BE-EDF2-4581-AC82-974AD7712BFF}.Debug|Any CPU.Build.0 = Debug|Any CPU
		{318859BE-EDF2-4581-AC82-974AD7712BFF}.Release|Any CPU.ActiveCfg = Release|Any CPU
		{318859BE-EDF2-4581-AC82-974AD7712BFF}.Release|Any CPU.Build.0 = Release|Any CPU
		{2E350578-95C3-4F08-83E7-B4F1A6BB38FD}.Debug|Any CPU.ActiveCfg = Debug|Any CPU
		{2E350578-95C3-4F08-83E7-B4F1A6BB38FD}.Debug|Any CPU.Build.0 = Debug|Any CPU
		{2E350578-95C3-4F08-83E7-B4F1A6BB38FD}.Release|Any CPU.ActiveCfg = Release|Any CPU
		{2E350578-95C3-4F08-83E7-B4F1A6BB38FD}.Release|Any CPU.Build.0 = Release|Any CPU
		{C6B20EA4-C083-47CE-B6F9-1B8C3D931B93}.Debug|Any CPU.ActiveCfg = Debug|Any CPU
		{C6B20EA4-C083-47CE-B6F9-1B8C3D931B93}.Debug|Any CPU.Build.0 = Debug|Any CPU
		{C6B20EA4-C083-47CE-B6F9-1B8C3D931B93}.Release|Any CPU.ActiveCfg = Release|Any CPU
		{C6B20EA4-C083-47CE-B6F9-1B8C3D931B93}.Release|Any CPU.Build.0 = Release|Any CPU
		{AE39741E-A29F-4FC1-A493-98302BBD5B3E}.Debug|Any CPU.ActiveCfg = Debug|Any CPU
		{AE39741E-A29F-4FC1-A493-98302BBD5B3E}.Debug|Any CPU.Build.0 = Debug|Any CPU
		{AE39741E-A29F-4FC1-A493-98302BBD5B3E}.Release|Any CPU.ActiveCfg = Release|Any CPU
		{AE39741E-A29F-4FC1-A493-98302BBD5B3E}.Release|Any CPU.Build.0 = Release|Any CPU
		{5564DD64-61FD-40FF-A080-BFCB3CF90E88}.Debug|Any CPU.ActiveCfg = Debug|Any CPU
		{5564DD64-61FD-40FF-A080-BFCB3CF90E88}.Debug|Any CPU.Build.0 = Debug|Any CPU
		{5564DD64-61FD-40FF-A080-BFCB3CF90E88}.Release|Any CPU.ActiveCfg = Release|Any CPU
		{5564DD64-61FD-40FF-A080-BFCB3CF90E88}.Release|Any CPU.Build.0 = Release|Any CPU
		{10C2FFD1-0E95-46B5-A075-951DB329149D}.Debug|Any CPU.ActiveCfg = Debug|Any CPU
		{10C2FFD1-0E95-46B5-A075-951DB329149D}.Debug|Any CPU.Build.0 = Debug|Any CPU
		{10C2FFD1-0E95-46B5-A075-951DB329149D}.Release|Any CPU.ActiveCfg = Release|Any CPU
		{10C2FFD1-0E95-46B5-A075-951DB329149D}.Release|Any CPU.Build.0 = Release|Any CPU
	EndGlobalSection
	GlobalSection(SolutionProperties) = preSolution
		HideSolutionNode = FALSE
	EndGlobalSection
	GlobalSection(ExtensibilityGlobals) = postSolution
		SolutionGuid = {A82850DA-EB24-4AB7-BD66-9512D90B9A87}
	EndGlobalSection
	GlobalSection(NestedProjects) = preSolution
		{5564DD64-61FD-40FF-A080-BFCB3CF90E88} = {E5D95A21-02AF-4083-BD0A-3F44620B296E}
		{10C2FFD1-0E95-46B5-A075-951DB329149D} = {E5D95A21-02AF-4083-BD0A-3F44620B296E}
	EndGlobalSection
EndGlobal
